
Microsoft Visual Studio Solution File, Format Version 12.00
# Visual Studio 15
Project("{FAE04EC0-301F-11D3-BF4B-00C04F79EFBC}") = "UnityEngine.UI", "UnityEngine.UI.csproj", "{7E8F02D4-CF2D-A829-9A63-C482A66E6E5A}"
EndProject
Project("{FAE04EC0-301F-11D3-BF4B-00C04F79EFBC}") = "Unity.RenderPipelines.Core.Runtime", "Unity.RenderPipelines.Core.Runtime.csproj", "{6E0E188E-9C56-2AF9-E5AD-701C5A5F785F}"
EndProject
Project("{FAE04EC0-301F-11D3-BF4B-00C04F79EFBC}") = "UnityEngine.TestRunner", "UnityEngine.TestRunner.csproj", "{5E29FC43-B49F-5BE7-7DDC-341A855F38AC}"
EndProject
Project("{FAE04EC0-301F-11D3-BF4B-00C04F79EFBC}") = "Unity.VisualScripting.Flow", "Unity.VisualScripting.Flow.csproj", "{609144E4-B59E-FC9A-6537-11C803476EDB}"
EndProject
Project("{FAE04EC0-301F-11D3-BF4B-00C04F79EFBC}") = "Unity.Mathematics", "Unity.Mathematics.csproj", "{95B7DD10-4517-7F2D-B5A7-E33596B71D7B}"
EndProject
Project("{FAE04EC0-301F-11D3-BF4B-00C04F79EFBC}") = "Unity.VisualScripting.State", "Unity.VisualScripting.State.csproj", "{D955073E-B10D-1D33-1F3A-B989F6CA17B7}"
EndProject
Project("{FAE04EC0-301F-11D3-BF4B-00C04F79EFBC}") = "Unity.VisualScripting.Core", "Unity.VisualScripting.Core.csproj", "{26A88B29-1649-DC8C-34C3-3A73F20A1AEE}"
EndProject
Project("{FAE04EC0-301F-11D3-BF4B-00C04F79EFBC}") = "Unity.RenderPipelines.Universal.Runtime", "Unity.RenderPipelines.Universal.Runtime.csproj", "{CE2932CA-2D2D-9C9A-6CF7-3BDB319313EC}"
EndProject
Project("{FAE04EC0-301F-11D3-BF4B-00C04F79EFBC}") = "Unity.Burst", "Unity.Burst.csproj", "{DA3E4F73-4BF6-601F-A8B0-5DAA766DF69C}"
EndProject
Project("{FAE04EC0-301F-11D3-BF4B-00C04F79EFBC}") = "Unity.TextMeshPro", "Unity.TextMeshPro.csproj", "{695D41E6-F859-1567-0DC3-16EAF62BBEC6}"
EndProject
Project("{FAE04EC0-301F-11D3-BF4B-00C04F79EFBC}") = "Unity.VisualEffectGraph.Runtime", "Unity.VisualEffectGraph.Runtime.csproj", "{9FF20763-6C2B-8A53-F5EC-E0199E97432B}"
EndProject
Project("{FAE04EC0-301F-11D3-BF4B-00C04F79EFBC}") = "Unity.Timeline", "Unity.Timeline.csproj", "{A804A79E-CFE3-46F8-DDC7-9E0B5818D7AD}"
EndProject
Project("{FAE04EC0-301F-11D3-BF4B-00C04F79EFBC}") = "Unity.RenderPipeline.Universal.ShaderLibrary", "Unity.RenderPipeline.Universal.ShaderLibrary.csproj", "{B3259625-A58B-DDC5-689C-8EC3EFBAFF3E}"
EndProject
Project("{FAE04EC0-301F-11D3-BF4B-00C04F79EFBC}") = "Assembly-CSharp-firstpass", "Assembly-CSharp-firstpass.csproj", "{2FB37959-DD4E-4165-F9CF-36E6A5B271C8}"
EndProject
Project("{FAE04EC0-301F-11D3-BF4B-00C04F79EFBC}") = "Assembly-CSharp", "Assembly-CSharp.csproj", "{35B45CE3-D446-0E11-A8B4-0B7B03BB31BB}"
EndProject
Project("{FAE04EC0-301F-11D3-BF4B-00C04F79EFBC}") = "Unity.RenderPipelines.Core.ShaderLibrary", "Unity.RenderPipelines.Core.ShaderLibrary.csproj", "{9F44C839-20CB-0671-A40D-0BF0A77426F5}"
EndProject
Project("{FAE04EC0-301F-11D3-BF4B-00C04F79EFBC}") = "Unity.RenderPipelines.Universal.Shaders", "Unity.RenderPipelines.Universal.Shaders.csproj", "{5AC0AE3A-02D2-3CD6-26BC-DB06D7D64913}"
EndProject
Project("{FAE04EC0-301F-11D3-BF4B-00C04F79EFBC}") = "Unity.RenderPipelines.ShaderGraph.ShaderGraphLibrary", "Unity.RenderPipelines.ShaderGraph.ShaderGraphLibrary.csproj", "{A6CE4AFD-76D9-D78D-F291-9442F4A51E74}"
EndProject
Project("{FAE04EC0-301F-11D3-BF4B-00C04F79EFBC}") = "Unity.PlasticSCM.Editor", "Unity.PlasticSCM.Editor.csproj", "{879A480A-73A9-4AC2-9417-694F9F8D24FF}"
EndProject
Project("{FAE04EC0-301F-11D3-BF4B-00C04F79EFBC}") = "Unity.VisualScripting.Core.Editor", "Unity.VisualScripting.Core.Editor.csproj", "{0316E3BB-69A9-5303-13AA-27CF55AA96E3}"
EndProject
Project("{FAE04EC0-301F-11D3-BF4B-00C04F79EFBC}") = "Unity.VisualScripting.Flow.Editor", "Unity.VisualScripting.Flow.Editor.csproj", "{D8C6A68E-C2DF-2150-3DDA-F73335243E4C}"
EndProject
Project("{FAE04EC0-301F-11D3-BF4B-00C04F79EFBC}") = "Unity.ShaderGraph.Editor", "Unity.ShaderGraph.Editor.csproj", "{FA3323B2-4075-7959-3A06-F75CAF369C2F}"
EndProject
Project("{FAE04EC0-301F-11D3-BF4B-00C04F79EFBC}") = "Unity.VisualEffectGraph.Editor", "Unity.VisualEffectGraph.Editor.csproj", "{4502A000-9E2E-804D-57AD-6EBC6F2A29E3}"
EndProject
Project("{FAE04EC0-301F-11D3-BF4B-00C04F79EFBC}") = "Unity.VisualStudio.Editor", "Unity.VisualStudio.Editor.csproj", "{D2AA049F-0280-15DB-8ACB-B885BA98A1D3}"
EndProject
Project("{FAE04EC0-301F-11D3-BF4B-00C04F79EFBC}") = "Unity.Timeline.Editor", "Unity.Timeline.Editor.csproj", "{8B58B46D-D082-2F1C-4739-0CA10690B506}"
EndProject
Project("{FAE04EC0-301F-11D3-BF4B-00C04F79EFBC}") = "Unity.RenderPipelines.Universal.Editor", "Unity.RenderPipelines.Universal.Editor.csproj", "{FAF1D245-CB33-AE94-91C0-6BA5DB5F7092}"
EndProject
Project("{FAE04EC0-301F-11D3-BF4B-00C04F79EFBC}") = "Unity.VisualScripting.State.Editor", "Unity.VisualScripting.State.Editor.csproj", "{DA636154-7C21-350F-F8B2-9F6C084277FA}"
EndProject
Project("{FAE04EC0-301F-11D3-BF4B-00C04F79EFBC}") = "Unity.TextMeshPro.Editor", "Unity.TextMeshPro.Editor.csproj", "{98B0DC6B-3D11-3B7F-27C4-232F2B0DAF71}"
EndProject
Project("{FAE04EC0-301F-11D3-BF4B-00C04F79EFBC}") = "Assembly-CSharp-Editor", "Assembly-CSharp-Editor.csproj", "{A82255CE-9EF2-4E4F-5130-68BCD8816F21}"
EndProject
Project("{FAE04EC0-301F-11D3-BF4B-00C04F79EFBC}") = "Unity.RenderPipelines.Core.Editor", "Unity.RenderPipelines.Core.Editor.csproj", "{8CF85DA8-682B-96EC-7C7D-02DFD9823995}"
EndProject
Project("{FAE04EC0-301F-11D3-BF4B-00C04F79EFBC}") = "Unity.VisualScripting.SettingsProvider.Editor", "Unity.VisualScripting.SettingsProvider.Editor.csproj", "{0914A568-52F6-EE9E-625D-26E0EC618F28}"
EndProject
Project("{FAE04EC0-301F-11D3-BF4B-00C04F79EFBC}") = "Unity.CollabProxy.Editor", "Unity.CollabProxy.Editor.csproj", "{6EC30F69-2C32-6B33-D36A-DA5FEA839049}"
EndProject
Project("{FAE04EC0-301F-11D3-BF4B-00C04F79EFBC}") = "UnityEditor.TestRunner", "UnityEditor.TestRunner.csproj", "{589916A1-738E-D197-7E11-9AC13B6230F9}"
EndProject
Project("{FAE04EC0-301F-11D3-BF4B-00C04F79EFBC}") = "Unity.Rider.Editor", "Unity.Rider.Editor.csproj", "{AB7F693C-5211-B568-0556-D38A81FE250B}"
EndProject
Project("{FAE04EC0-301F-11D3-BF4B-00C04F79EFBC}") = "Unity.Services.Core.Editor", "Unity.Services.Core.Editor.csproj", "{03E93EB5-482B-6278-C9A1-141145AADD88}"
EndProject
Project("{FAE04EC0-301F-11D3-BF4B-00C04F79EFBC}") = "Unity.Searcher.Editor", "Unity.Searcher.Editor.csproj", "{CD5B338F-6E46-B26D-2CD6-BFA71F9D28B7}"
EndProject
Project("{FAE04EC0-301F-11D3-BF4B-00C04F79EFBC}") = "Unity.Burst.CodeGen", "Unity.Burst.CodeGen.csproj", "{980A84EB-EF08-CB3D-5704-2AFF3FAC1217}"
EndProject
Project("{FAE04EC0-301F-11D3-BF4B-00C04F79EFBC}") = "Unity.VSCode.Editor", "Unity.VSCode.Editor.csproj", "{8B3BCF4C-6DCC-A0F8-A927-01C48F816B59}"
EndProject
Project("{FAE04EC0-301F-11D3-BF4B-00C04F79EFBC}") = "UnityEditor.UI", "UnityEditor.UI.csproj", "{AE929EF1-2168-9836-64FB-609FB37F5703}"
EndProject
Project("{FAE04EC0-301F-11D3-BF4B-00C04F79EFBC}") = "PPv2URPConverters", "PPv2URPConverters.csproj", "{B76283E6-26A8-0953-8767-BC40E04385A9}"
EndProject
Project("{FAE04EC0-301F-11D3-BF4B-00C04F79EFBC}") = "Unity.Mathematics.Editor", "Unity.Mathematics.Editor.csproj", "{5FD5057E-5CAA-4D7C-0F2D-9D5C74A7BA67}"
EndProject
Project("{FAE04EC0-301F-11D3-BF4B-00C04F79EFBC}") = "Unity.Burst.Editor", "Unity.Burst.Editor.csproj", "{CF00E01C-01D6-6957-9184-C3F9B73C8E2A}"
EndProject
Project("{FAE04EC0-301F-11D3-BF4B-00C04F79EFBC}") = "Assembly-CSharp-Editor-firstpass", "Assembly-CSharp-Editor-firstpass.csproj", "{8F4078DC-2C22-8FB8-BC67-D8DFA7B4E364}"
EndProject
Project("{FAE04EC0-301F-11D3-BF4B-00C04F79EFBC}") = "Unity.ShaderGraph.Utilities", "Unity.ShaderGraph.Utilities.csproj", "{ACA38CD8-66D1-6135-D31C-272AE29CFAA9}"
EndProject
Project("{FAE04EC0-301F-11D3-BF4B-00C04F79EFBC}") = "Unity.VisualScripting.Shared.Editor", "Unity.VisualScripting.Shared.Editor.csproj", "{2918B198-2C03-A31F-9025-32B68CAA85A1}"
EndProject
Project("{FAE04EC0-301F-11D3-BF4B-00C04F79EFBC}") = "UnityEngine.UI", "UnityEngine.UI.Player.csproj", "{0EA2D18E-AF8A-FFB0-834A-E8BA33A32C2E}"
EndProject
Project("{FAE04EC0-301F-11D3-BF4B-00C04F79EFBC}") = "Unity.RenderPipelines.Core.Runtime", "Unity.RenderPipelines.Core.Runtime.Player.csproj", "{5ADF9669-B699-BDE0-D060-87EC98B6D91F}"
EndProject
Project("{FAE04EC0-301F-11D3-BF4B-00C04F79EFBC}") = "UnityEngine.TestRunner", "UnityEngine.TestRunner.Player.csproj", "{52661A4C-B86B-FDC0-F0BB-D16655B549EA}"
EndProject
Project("{FAE04EC0-301F-11D3-BF4B-00C04F79EFBC}") = "Unity.VisualScripting.Flow", "Unity.VisualScripting.Flow.Player.csproj", "{C7B781DE-7540-F131-7FA8-2F328E426105}"
EndProject
Project("{FAE04EC0-301F-11D3-BF4B-00C04F79EFBC}") = "Unity.Mathematics", "Unity.Mathematics.Player.csproj", "{367E49CD-6D70-AD81-79FB-AC94479B6F47}"
EndProject
Project("{FAE04EC0-301F-11D3-BF4B-00C04F79EFBC}") = "Unity.VisualScripting.State", "Unity.VisualScripting.State.Player.csproj", "{6AFD519E-12CE-E398-A55B-DD0159FF74AE}"
EndProject
Project("{FAE04EC0-301F-11D3-BF4B-00C04F79EFBC}") = "Unity.VisualScripting.Core", "Unity.VisualScripting.Core.Player.csproj", "{0C99EEE4-B2B9-8BEE-348A-00CC9DCEFF78}"
EndProject
Project("{FAE04EC0-301F-11D3-BF4B-00C04F79EFBC}") = "Unity.RenderPipelines.Universal.Runtime", "Unity.RenderPipelines.Universal.Runtime.Player.csproj", "{1D1A8B42-8581-14C1-FA97-3A242575EF5A}"
EndProject
Project("{FAE04EC0-301F-11D3-BF4B-00C04F79EFBC}") = "Unity.Burst", "Unity.Burst.Player.csproj", "{9B53F6D1-163A-F51F-2109-6F229110ACA0}"
EndProject
Project("{FAE04EC0-301F-11D3-BF4B-00C04F79EFBC}") = "Unity.TextMeshPro", "Unity.TextMeshPro.Player.csproj", "{1B8D82AC-2805-952F-FBBD-2C7EFF1F1828}"
EndProject
Project("{FAE04EC0-301F-11D3-BF4B-00C04F79EFBC}") = "Unity.VisualEffectGraph.Runtime", "Unity.VisualEffectGraph.Runtime.Player.csproj", "{8FF4AC01-03CA-AB30-75A2-E390DF6924ED}"
EndProject
Project("{FAE04EC0-301F-11D3-BF4B-00C04F79EFBC}") = "Unity.Timeline", "Unity.Timeline.Player.csproj", "{1EB27097-4CB8-3BF6-EC03-783C6D151947}"
EndProject
Project("{FAE04EC0-301F-11D3-BF4B-00C04F79EFBC}") = "Unity.RenderPipeline.Universal.ShaderLibrary", "Unity.RenderPipeline.Universal.ShaderLibrary.Player.csproj", "{7AA4C3D2-D611-C028-4983-CEF945D0FA04}"
EndProject
Project("{FAE04EC0-301F-11D3-BF4B-00C04F79EFBC}") = "Assembly-CSharp-firstpass", "Assembly-CSharp-firstpass.Player.csproj", "{D2CEDDC2-4982-951A-95C0-A6A603DE62E9}"
EndProject
Project("{FAE04EC0-301F-11D3-BF4B-00C04F79EFBC}") = "Assembly-CSharp", "Assembly-CSharp.Player.csproj", "{09E336D5-244E-E866-4D3A-496A1C74E75B}"
EndProject
Project("{FAE04EC0-301F-11D3-BF4B-00C04F79EFBC}") = "Unity.RenderPipelines.Core.ShaderLibrary", "Unity.RenderPipelines.Core.ShaderLibrary.Player.csproj", "{8AD2B3E6-31F3-BF04-0C7C-474C81621231}"
EndProject
Project("{FAE04EC0-301F-11D3-BF4B-00C04F79EFBC}") = "Unity.RenderPipelines.Universal.Shaders", "Unity.RenderPipelines.Universal.Shaders.Player.csproj", "{99C2641D-3329-8B08-5165-4319AE216B69}"
EndProject
Project("{FAE04EC0-301F-11D3-BF4B-00C04F79EFBC}") = "Unity.RenderPipelines.ShaderGraph.ShaderGraphLibrary", "Unity.RenderPipelines.ShaderGraph.ShaderGraphLibrary.Player.csproj", "{BCA7F310-5B40-AE31-30E2-774F915E3656}"
EndProject
Global
	GlobalSection(SolutionConfigurationPlatforms) = preSolution
		Debug|Any CPU = Debug|Any CPU
		Release|Any CPU = Release|Any CPU
	EndGlobalSection
	GlobalSection(ProjectConfigurationPlatforms) = postSolution
		{7E8F02D4-CF2D-A829-9A63-C482A66E6E5A}.Debug|Any CPU.ActiveCfg = Debug|Any CPU
		{7E8F02D4-CF2D-A829-9A63-C482A66E6E5A}.Debug|Any CPU.Build.0 = Debug|Any CPU
		{7E8F02D4-CF2D-A829-9A63-C482A66E6E5A}.Release|Any CPU.ActiveCfg = Release|Any CPU
		{7E8F02D4-CF2D-A829-9A63-C482A66E6E5A}.Release|Any CPU.Build.0 = Release|Any CPU
		{6E0E188E-9C56-2AF9-E5AD-701C5A5F785F}.Debug|Any CPU.ActiveCfg = Debug|Any CPU
		{6E0E188E-9C56-2AF9-E5AD-701C5A5F785F}.Debug|Any CPU.Build.0 = Debug|Any CPU
		{6E0E188E-9C56-2AF9-E5AD-701C5A5F785F}.Release|Any CPU.ActiveCfg = Release|Any CPU
		{6E0E188E-9C56-2AF9-E5AD-701C5A5F785F}.Release|Any CPU.Build.0 = Release|Any CPU
		{5E29FC43-B49F-5BE7-7DDC-341A855F38AC}.Debug|Any CPU.ActiveCfg = Debug|Any CPU
		{5E29FC43-B49F-5BE7-7DDC-341A855F38AC}.Debug|Any CPU.Build.0 = Debug|Any CPU
		{5E29FC43-B49F-5BE7-7DDC-341A855F38AC}.Release|Any CPU.ActiveCfg = Release|Any CPU
		{5E29FC43-B49F-5BE7-7DDC-341A855F38AC}.Release|Any CPU.Build.0 = Release|Any CPU
		{609144E4-B59E-FC9A-6537-11C803476EDB}.Debug|Any CPU.ActiveCfg = Debug|Any CPU
		{609144E4-B59E-FC9A-6537-11C803476EDB}.Debug|Any CPU.Build.0 = Debug|Any CPU
		{609144E4-B59E-FC9A-6537-11C803476EDB}.Release|Any CPU.ActiveCfg = Release|Any CPU
		{609144E4-B59E-FC9A-6537-11C803476EDB}.Release|Any CPU.Build.0 = Release|Any CPU
		{95B7DD10-4517-7F2D-B5A7-E33596B71D7B}.Debug|Any CPU.ActiveCfg = Debug|Any CPU
		{95B7DD10-4517-7F2D-B5A7-E33596B71D7B}.Debug|Any CPU.Build.0 = Debug|Any CPU
		{95B7DD10-4517-7F2D-B5A7-E33596B71D7B}.Release|Any CPU.ActiveCfg = Release|Any CPU
		{95B7DD10-4517-7F2D-B5A7-E33596B71D7B}.Release|Any CPU.Build.0 = Release|Any CPU
		{D955073E-B10D-1D33-1F3A-B989F6CA17B7}.Debug|Any CPU.ActiveCfg = Debug|Any CPU
		{D955073E-B10D-1D33-1F3A-B989F6CA17B7}.Debug|Any CPU.Build.0 = Debug|Any CPU
		{D955073E-B10D-1D33-1F3A-B989F6CA17B7}.Release|Any CPU.ActiveCfg = Release|Any CPU
		{D955073E-B10D-1D33-1F3A-B989F6CA17B7}.Release|Any CPU.Build.0 = Release|Any CPU
		{26A88B29-1649-DC8C-34C3-3A73F20A1AEE}.Debug|Any CPU.ActiveCfg = Debug|Any CPU
		{26A88B29-1649-DC8C-34C3-3A73F20A1AEE}.Debug|Any CPU.Build.0 = Debug|Any CPU
		{26A88B29-1649-DC8C-34C3-3A73F20A1AEE}.Release|Any CPU.ActiveCfg = Release|Any CPU
		{26A88B29-1649-DC8C-34C3-3A73F20A1AEE}.Release|Any CPU.Build.0 = Release|Any CPU
		{CE2932CA-2D2D-9C9A-6CF7-3BDB319313EC}.Debug|Any CPU.ActiveCfg = Debug|Any CPU
		{CE2932CA-2D2D-9C9A-6CF7-3BDB319313EC}.Debug|Any CPU.Build.0 = Debug|Any CPU
		{CE2932CA-2D2D-9C9A-6CF7-3BDB319313EC}.Release|Any CPU.ActiveCfg = Release|Any CPU
		{CE2932CA-2D2D-9C9A-6CF7-3BDB319313EC}.Release|Any CPU.Build.0 = Release|Any CPU
		{DA3E4F73-4BF6-601F-A8B0-5DAA766DF69C}.Debug|Any CPU.ActiveCfg = Debug|Any CPU
		{DA3E4F73-4BF6-601F-A8B0-5DAA766DF69C}.Debug|Any CPU.Build.0 = Debug|Any CPU
		{DA3E4F73-4BF6-601F-A8B0-5DAA766DF69C}.Release|Any CPU.ActiveCfg = Release|Any CPU
		{DA3E4F73-4BF6-601F-A8B0-5DAA766DF69C}.Release|Any CPU.Build.0 = Release|Any CPU
		{695D41E6-F859-1567-0DC3-16EAF62BBEC6}.Debug|Any CPU.ActiveCfg = Debug|Any CPU
		{695D41E6-F859-1567-0DC3-16EAF62BBEC6}.Debug|Any CPU.Build.0 = Debug|Any CPU
		{695D41E6-F859-1567-0DC3-16EAF62BBEC6}.Release|Any CPU.ActiveCfg = Release|Any CPU
		{695D41E6-F859-1567-0DC3-16EAF62BBEC6}.Release|Any CPU.Build.0 = Release|Any CPU
		{9FF20763-6C2B-8A53-F5EC-E0199E97432B}.Debug|Any CPU.ActiveCfg = Debug|Any CPU
		{9FF20763-6C2B-8A53-F5EC-E0199E97432B}.Debug|Any CPU.Build.0 = Debug|Any CPU
		{9FF20763-6C2B-8A53-F5EC-E0199E97432B}.Release|Any CPU.ActiveCfg = Release|Any CPU
		{9FF20763-6C2B-8A53-F5EC-E0199E97432B}.Release|Any CPU.Build.0 = Release|Any CPU
		{A804A79E-CFE3-46F8-DDC7-9E0B5818D7AD}.Debug|Any CPU.ActiveCfg = Debug|Any CPU
		{A804A79E-CFE3-46F8-DDC7-9E0B5818D7AD}.Debug|Any CPU.Build.0 = Debug|Any CPU
		{A804A79E-CFE3-46F8-DDC7-9E0B5818D7AD}.Release|Any CPU.ActiveCfg = Release|Any CPU
		{A804A79E-CFE3-46F8-DDC7-9E0B5818D7AD}.Release|Any CPU.Build.0 = Release|Any CPU
		{B3259625-A58B-DDC5-689C-8EC3EFBAFF3E}.Debug|Any CPU.ActiveCfg = Debug|Any CPU
		{B3259625-A58B-DDC5-689C-8EC3EFBAFF3E}.Debug|Any CPU.Build.0 = Debug|Any CPU
		{B3259625-A58B-DDC5-689C-8EC3EFBAFF3E}.Release|Any CPU.ActiveCfg = Release|Any CPU
		{B3259625-A58B-DDC5-689C-8EC3EFBAFF3E}.Release|Any CPU.Build.0 = Release|Any CPU
		{2FB37959-DD4E-4165-F9CF-36E6A5B271C8}.Debug|Any CPU.ActiveCfg = Debug|Any CPU
		{2FB37959-DD4E-4165-F9CF-36E6A5B271C8}.Debug|Any CPU.Build.0 = Debug|Any CPU
		{2FB37959-DD4E-4165-F9CF-36E6A5B271C8}.Release|Any CPU.ActiveCfg = Release|Any CPU
		{2FB37959-DD4E-4165-F9CF-36E6A5B271C8}.Release|Any CPU.Build.0 = Release|Any CPU
		{35B45CE3-D446-0E11-A8B4-0B7B03BB31BB}.Debug|Any CPU.ActiveCfg = Debug|Any CPU
		{35B45CE3-D446-0E11-A8B4-0B7B03BB31BB}.Debug|Any CPU.Build.0 = Debug|Any CPU
		{35B45CE3-D446-0E11-A8B4-0B7B03BB31BB}.Release|Any CPU.ActiveCfg = Release|Any CPU
		{35B45CE3-D446-0E11-A8B4-0B7B03BB31BB}.Release|Any CPU.Build.0 = Release|Any CPU
		{9F44C839-20CB-0671-A40D-0BF0A77426F5}.Debug|Any CPU.ActiveCfg = Debug|Any CPU
		{9F44C839-20CB-0671-A40D-0BF0A77426F5}.Debug|Any CPU.Build.0 = Debug|Any CPU
		{9F44C839-20CB-0671-A40D-0BF0A77426F5}.Release|Any CPU.ActiveCfg = Release|Any CPU
		{9F44C839-20CB-0671-A40D-0BF0A77426F5}.Release|Any CPU.Build.0 = Release|Any CPU
		{5AC0AE3A-02D2-3CD6-26BC-DB06D7D64913}.Debug|Any CPU.ActiveCfg = Debug|Any CPU
		{5AC0AE3A-02D2-3CD6-26BC-DB06D7D64913}.Debug|Any CPU.Build.0 = Debug|Any CPU
		{5AC0AE3A-02D2-3CD6-26BC-DB06D7D64913}.Release|Any CPU.ActiveCfg = Release|Any CPU
		{5AC0AE3A-02D2-3CD6-26BC-DB06D7D64913}.Release|Any CPU.Build.0 = Release|Any CPU
		{A6CE4AFD-76D9-D78D-F291-9442F4A51E74}.Debug|Any CPU.ActiveCfg = Debug|Any CPU
		{A6CE4AFD-76D9-D78D-F291-9442F4A51E74}.Debug|Any CPU.Build.0 = Debug|Any CPU
		{A6CE4AFD-76D9-D78D-F291-9442F4A51E74}.Release|Any CPU.ActiveCfg = Release|Any CPU
		{A6CE4AFD-76D9-D78D-F291-9442F4A51E74}.Release|Any CPU.Build.0 = Release|Any CPU
		{879A480A-73A9-4AC2-9417-694F9F8D24FF}.Debug|Any CPU.ActiveCfg = Debug|Any CPU
		{879A480A-73A9-4AC2-9417-694F9F8D24FF}.Debug|Any CPU.Build.0 = Debug|Any CPU
		{879A480A-73A9-4AC2-9417-694F9F8D24FF}.Release|Any CPU.ActiveCfg = Release|Any CPU
		{879A480A-73A9-4AC2-9417-694F9F8D24FF}.Release|Any CPU.Build.0 = Release|Any CPU
		{0316E3BB-69A9-5303-13AA-27CF55AA96E3}.Debug|Any CPU.ActiveCfg = Debug|Any CPU
		{0316E3BB-69A9-5303-13AA-27CF55AA96E3}.Debug|Any CPU.Build.0 = Debug|Any CPU
		{0316E3BB-69A9-5303-13AA-27CF55AA96E3}.Release|Any CPU.ActiveCfg = Release|Any CPU
		{0316E3BB-69A9-5303-13AA-27CF55AA96E3}.Release|Any CPU.Build.0 = Release|Any CPU
		{D8C6A68E-C2DF-2150-3DDA-F73335243E4C}.Debug|Any CPU.ActiveCfg = Debug|Any CPU
		{D8C6A68E-C2DF-2150-3DDA-F73335243E4C}.Debug|Any CPU.Build.0 = Debug|Any CPU
		{D8C6A68E-C2DF-2150-3DDA-F73335243E4C}.Release|Any CPU.ActiveCfg = Release|Any CPU
		{D8C6A68E-C2DF-2150-3DDA-F73335243E4C}.Release|Any CPU.Build.0 = Release|Any CPU
		{FA3323B2-4075-7959-3A06-F75CAF369C2F}.Debug|Any CPU.ActiveCfg = Debug|Any CPU
		{FA3323B2-4075-7959-3A06-F75CAF369C2F}.Debug|Any CPU.Build.0 = Debug|Any CPU
		{FA3323B2-4075-7959-3A06-F75CAF369C2F}.Release|Any CPU.ActiveCfg = Release|Any CPU
		{FA3323B2-4075-7959-3A06-F75CAF369C2F}.Release|Any CPU.Build.0 = Release|Any CPU
		{4502A000-9E2E-804D-57AD-6EBC6F2A29E3}.Debug|Any CPU.ActiveCfg = Debug|Any CPU
		{4502A000-9E2E-804D-57AD-6EBC6F2A29E3}.Debug|Any CPU.Build.0 = Debug|Any CPU
		{4502A000-9E2E-804D-57AD-6EBC6F2A29E3}.Release|Any CPU.ActiveCfg = Release|Any CPU
		{4502A000-9E2E-804D-57AD-6EBC6F2A29E3}.Release|Any CPU.Build.0 = Release|Any CPU
		{D2AA049F-0280-15DB-8ACB-B885BA98A1D3}.Debug|Any CPU.ActiveCfg = Debug|Any CPU
		{D2AA049F-0280-15DB-8ACB-B885BA98A1D3}.Debug|Any CPU.Build.0 = Debug|Any CPU
		{D2AA049F-0280-15DB-8ACB-B885BA98A1D3}.Release|Any CPU.ActiveCfg = Release|Any CPU
		{D2AA049F-0280-15DB-8ACB-B885BA98A1D3}.Release|Any CPU.Build.0 = Release|Any CPU
		{8B58B46D-D082-2F1C-4739-0CA10690B506}.Debug|Any CPU.ActiveCfg = Debug|Any CPU
		{8B58B46D-D082-2F1C-4739-0CA10690B506}.Debug|Any CPU.Build.0 = Debug|Any CPU
		{8B58B46D-D082-2F1C-4739-0CA10690B506}.Release|Any CPU.ActiveCfg = Release|Any CPU
		{8B58B46D-D082-2F1C-4739-0CA10690B506}.Release|Any CPU.Build.0 = Release|Any CPU
		{FAF1D245-CB33-AE94-91C0-6BA5DB5F7092}.Debug|Any CPU.ActiveCfg = Debug|Any CPU
		{FAF1D245-CB33-AE94-91C0-6BA5DB5F7092}.Debug|Any CPU.Build.0 = Debug|Any CPU
		{FAF1D245-CB33-AE94-91C0-6BA5DB5F7092}.Release|Any CPU.ActiveCfg = Release|Any CPU
		{FAF1D245-CB33-AE94-91C0-6BA5DB5F7092}.Release|Any CPU.Build.0 = Release|Any CPU
		{DA636154-7C21-350F-F8B2-9F6C084277FA}.Debug|Any CPU.ActiveCfg = Debug|Any CPU
		{DA636154-7C21-350F-F8B2-9F6C084277FA}.Debug|Any CPU.Build.0 = Debug|Any CPU
		{DA636154-7C21-350F-F8B2-9F6C084277FA}.Release|Any CPU.ActiveCfg = Release|Any CPU
		{DA636154-7C21-350F-F8B2-9F6C084277FA}.Release|Any CPU.Build.0 = Release|Any CPU
		{98B0DC6B-3D11-3B7F-27C4-232F2B0DAF71}.Debug|Any CPU.ActiveCfg = Debug|Any CPU
		{98B0DC6B-3D11-3B7F-27C4-232F2B0DAF71}.Debug|Any CPU.Build.0 = Debug|Any CPU
		{98B0DC6B-3D11-3B7F-27C4-232F2B0DAF71}.Release|Any CPU.ActiveCfg = Release|Any CPU
		{98B0DC6B-3D11-3B7F-27C4-232F2B0DAF71}.Release|Any CPU.Build.0 = Release|Any CPU
		{A82255CE-9EF2-4E4F-5130-68BCD8816F21}.Debug|Any CPU.ActiveCfg = Debug|Any CPU
		{A82255CE-9EF2-4E4F-5130-68BCD8816F21}.Debug|Any CPU.Build.0 = Debug|Any CPU
		{A82255CE-9EF2-4E4F-5130-68BCD8816F21}.Release|Any CPU.ActiveCfg = Release|Any CPU
		{A82255CE-9EF2-4E4F-5130-68BCD8816F21}.Release|Any CPU.Build.0 = Release|Any CPU
		{8CF85DA8-682B-96EC-7C7D-02DFD9823995}.Debug|Any CPU.ActiveCfg = Debug|Any CPU
		{8CF85DA8-682B-96EC-7C7D-02DFD9823995}.Debug|Any CPU.Build.0 = Debug|Any CPU
		{8CF85DA8-682B-96EC-7C7D-02DFD9823995}.Release|Any CPU.ActiveCfg = Release|Any CPU
		{8CF85DA8-682B-96EC-7C7D-02DFD9823995}.Release|Any CPU.Build.0 = Release|Any CPU
		{0914A568-52F6-EE9E-625D-26E0EC618F28}.Debug|Any CPU.ActiveCfg = Debug|Any CPU
		{0914A568-52F6-EE9E-625D-26E0EC618F28}.Debug|Any CPU.Build.0 = Debug|Any CPU
		{0914A568-52F6-EE9E-625D-26E0EC618F28}.Release|Any CPU.ActiveCfg = Release|Any CPU
		{0914A568-52F6-EE9E-625D-26E0EC618F28}.Release|Any CPU.Build.0 = Release|Any CPU
		{6EC30F69-2C32-6B33-D36A-DA5FEA839049}.Debug|Any CPU.ActiveCfg = Debug|Any CPU
		{6EC30F69-2C32-6B33-D36A-DA5FEA839049}.Debug|Any CPU.Build.0 = Debug|Any CPU
		{6EC30F69-2C32-6B33-D36A-DA5FEA839049}.Release|Any CPU.ActiveCfg = Release|Any CPU
		{6EC30F69-2C32-6B33-D36A-DA5FEA839049}.Release|Any CPU.Build.0 = Release|Any CPU
		{589916A1-738E-D197-7E11-9AC13B6230F9}.Debug|Any CPU.ActiveCfg = Debug|Any CPU
		{589916A1-738E-D197-7E11-9AC13B6230F9}.Debug|Any CPU.Build.0 = Debug|Any CPU
		{589916A1-738E-D197-7E11-9AC13B6230F9}.Release|Any CPU.ActiveCfg = Release|Any CPU
		{589916A1-738E-D197-7E11-9AC13B6230F9}.Release|Any CPU.Build.0 = Release|Any CPU
		{AB7F693C-5211-B568-0556-D38A81FE250B}.Debug|Any CPU.ActiveCfg = Debug|Any CPU
		{AB7F693C-5211-B568-0556-D38A81FE250B}.Debug|Any CPU.Build.0 = Debug|Any CPU
		{AB7F693C-5211-B568-0556-D38A81FE250B}.Release|Any CPU.ActiveCfg = Release|Any CPU
		{AB7F693C-5211-B568-0556-D38A81FE250B}.Release|Any CPU.Build.0 = Release|Any CPU
		{03E93EB5-482B-6278-C9A1-141145AADD88}.Debug|Any CPU.ActiveCfg = Debug|Any CPU
		{03E93EB5-482B-6278-C9A1-141145AADD88}.Debug|Any CPU.Build.0 = Debug|Any CPU
		{03E93EB5-482B-6278-C9A1-141145AADD88}.Release|Any CPU.ActiveCfg = Release|Any CPU
		{03E93EB5-482B-6278-C9A1-141145AADD88}.Release|Any CPU.Build.0 = Release|Any CPU
		{CD5B338F-6E46-B26D-2CD6-BFA71F9D28B7}.Debug|Any CPU.ActiveCfg = Debug|Any CPU
		{CD5B338F-6E46-B26D-2CD6-BFA71F9D28B7}.Debug|Any CPU.Build.0 = Debug|Any CPU
		{CD5B338F-6E46-B26D-2CD6-BFA71F9D28B7}.Release|Any CPU.ActiveCfg = Release|Any CPU
		{CD5B338F-6E46-B26D-2CD6-BFA71F9D28B7}.Release|Any CPU.Build.0 = Release|Any CPU
		{980A84EB-EF08-CB3D-5704-2AFF3FAC1217}.Debug|Any CPU.ActiveCfg = Debug|Any CPU
		{980A84EB-EF08-CB3D-5704-2AFF3FAC1217}.Debug|Any CPU.Build.0 = Debug|Any CPU
		{980A84EB-EF08-CB3D-5704-2AFF3FAC1217}.Release|Any CPU.ActiveCfg = Release|Any CPU
		{980A84EB-EF08-CB3D-5704-2AFF3FAC1217}.Release|Any CPU.Build.0 = Release|Any CPU
		{8B3BCF4C-6DCC-A0F8-A927-01C48F816B59}.Debug|Any CPU.ActiveCfg = Debug|Any CPU
		{8B3BCF4C-6DCC-A0F8-A927-01C48F816B59}.Debug|Any CPU.Build.0 = Debug|Any CPU
		{8B3BCF4C-6DCC-A0F8-A927-01C48F816B59}.Release|Any CPU.ActiveCfg = Release|Any CPU
		{8B3BCF4C-6DCC-A0F8-A927-01C48F816B59}.Release|Any CPU.Build.0 = Release|Any CPU
		{AE929EF1-2168-9836-64FB-609FB37F5703}.Debug|Any CPU.ActiveCfg = Debug|Any CPU
		{AE929EF1-2168-9836-64FB-609FB37F5703}.Debug|Any CPU.Build.0 = Debug|Any CPU
		{AE929EF1-2168-9836-64FB-609FB37F5703}.Release|Any CPU.ActiveCfg = Release|Any CPU
		{AE929EF1-2168-9836-64FB-609FB37F5703}.Release|Any CPU.Build.0 = Release|Any CPU
		{B76283E6-26A8-0953-8767-BC40E04385A9}.Debug|Any CPU.ActiveCfg = Debug|Any CPU
		{B76283E6-26A8-0953-8767-BC40E04385A9}.Debug|Any CPU.Build.0 = Debug|Any CPU
		{B76283E6-26A8-0953-8767-BC40E04385A9}.Release|Any CPU.ActiveCfg = Release|Any CPU
		{B76283E6-26A8-0953-8767-BC40E04385A9}.Release|Any CPU.Build.0 = Release|Any CPU
		{5FD5057E-5CAA-4D7C-0F2D-9D5C74A7BA67}.Debug|Any CPU.ActiveCfg = Debug|Any CPU
		{5FD5057E-5CAA-4D7C-0F2D-9D5C74A7BA67}.Debug|Any CPU.Build.0 = Debug|Any CPU
		{5FD5057E-5CAA-4D7C-0F2D-9D5C74A7BA67}.Release|Any CPU.ActiveCfg = Release|Any CPU
		{5FD5057E-5CAA-4D7C-0F2D-9D5C74A7BA67}.Release|Any CPU.Build.0 = Release|Any CPU
		{CF00E01C-01D6-6957-9184-C3F9B73C8E2A}.Debug|Any CPU.ActiveCfg = Debug|Any CPU
		{CF00E01C-01D6-6957-9184-C3F9B73C8E2A}.Debug|Any CPU.Build.0 = Debug|Any CPU
		{CF00E01C-01D6-6957-9184-C3F9B73C8E2A}.Release|Any CPU.ActiveCfg = Release|Any CPU
		{CF00E01C-01D6-6957-9184-C3F9B73C8E2A}.Release|Any CPU.Build.0 = Release|Any CPU
		{8F4078DC-2C22-8FB8-BC67-D8DFA7B4E364}.Debug|Any CPU.ActiveCfg = Debug|Any CPU
		{8F4078DC-2C22-8FB8-BC67-D8DFA7B4E364}.Debug|Any CPU.Build.0 = Debug|Any CPU
		{8F4078DC-2C22-8FB8-BC67-D8DFA7B4E364}.Release|Any CPU.ActiveCfg = Release|Any CPU
		{8F4078DC-2C22-8FB8-BC67-D8DFA7B4E364}.Release|Any CPU.Build.0 = Release|Any CPU
		{ACA38CD8-66D1-6135-D31C-272AE29CFAA9}.Debug|Any CPU.ActiveCfg = Debug|Any CPU
		{ACA38CD8-66D1-6135-D31C-272AE29CFAA9}.Debug|Any CPU.Build.0 = Debug|Any CPU
		{ACA38CD8-66D1-6135-D31C-272AE29CFAA9}.Release|Any CPU.ActiveCfg = Release|Any CPU
		{ACA38CD8-66D1-6135-D31C-272AE29CFAA9}.Release|Any CPU.Build.0 = Release|Any CPU
		{2918B198-2C03-A31F-9025-32B68CAA85A1}.Debug|Any CPU.ActiveCfg = Debug|Any CPU
		{2918B198-2C03-A31F-9025-32B68CAA85A1}.Debug|Any CPU.Build.0 = Debug|Any CPU
		{2918B198-2C03-A31F-9025-32B68CAA85A1}.Release|Any CPU.ActiveCfg = Release|Any CPU
		{2918B198-2C03-A31F-9025-32B68CAA85A1}.Release|Any CPU.Build.0 = Release|Any CPU
		{0EA2D18E-AF8A-FFB0-834A-E8BA33A32C2E}.Debug|Any CPU.ActiveCfg = Debug|Any CPU
		{0EA2D18E-AF8A-FFB0-834A-E8BA33A32C2E}.Debug|Any CPU.Build.0 = Debug|Any CPU
		{0EA2D18E-AF8A-FFB0-834A-E8BA33A32C2E}.Release|Any CPU.ActiveCfg = Release|Any CPU
		{0EA2D18E-AF8A-FFB0-834A-E8BA33A32C2E}.Release|Any CPU.Build.0 = Release|Any CPU
		{5ADF9669-B699-BDE0-D060-87EC98B6D91F}.Debug|Any CPU.ActiveCfg = Debug|Any CPU
		{5ADF9669-B699-BDE0-D060-87EC98B6D91F}.Debug|Any CPU.Build.0 = Debug|Any CPU
		{5ADF9669-B699-BDE0-D060-87EC98B6D91F}.Release|Any CPU.ActiveCfg = Release|Any CPU
		{5ADF9669-B699-BDE0-D060-87EC98B6D91F}.Release|Any CPU.Build.0 = Release|Any CPU
		{52661A4C-B86B-FDC0-F0BB-D16655B549EA}.Debug|Any CPU.ActiveCfg = Debug|Any CPU
		{52661A4C-B86B-FDC0-F0BB-D16655B549EA}.Debug|Any CPU.Build.0 = Debug|Any CPU
		{52661A4C-B86B-FDC0-F0BB-D16655B549EA}.Release|Any CPU.ActiveCfg = Release|Any CPU
		{52661A4C-B86B-FDC0-F0BB-D16655B549EA}.Release|Any CPU.Build.0 = Release|Any CPU
		{C7B781DE-7540-F131-7FA8-2F328E426105}.Debug|Any CPU.ActiveCfg = Debug|Any CPU
		{C7B781DE-7540-F131-7FA8-2F328E426105}.Debug|Any CPU.Build.0 = Debug|Any CPU
		{C7B781DE-7540-F131-7FA8-2F328E426105}.Release|Any CPU.ActiveCfg = Release|Any CPU
		{C7B781DE-7540-F131-7FA8-2F328E426105}.Release|Any CPU.Build.0 = Release|Any CPU
		{367E49CD-6D70-AD81-79FB-AC94479B6F47}.Debug|Any CPU.ActiveCfg = Debug|Any CPU
		{367E49CD-6D70-AD81-79FB-AC94479B6F47}.Debug|Any CPU.Build.0 = Debug|Any CPU
		{367E49CD-6D70-AD81-79FB-AC94479B6F47}.Release|Any CPU.ActiveCfg = Release|Any CPU
		{367E49CD-6D70-AD81-79FB-AC94479B6F47}.Release|Any CPU.Build.0 = Release|Any CPU
		{6AFD519E-12CE-E398-A55B-DD0159FF74AE}.Debug|Any CPU.ActiveCfg = Debug|Any CPU
		{6AFD519E-12CE-E398-A55B-DD0159FF74AE}.Debug|Any CPU.Build.0 = Debug|Any CPU
		{6AFD519E-12CE-E398-A55B-DD0159FF74AE}.Release|Any CPU.ActiveCfg = Release|Any CPU
		{6AFD519E-12CE-E398-A55B-DD0159FF74AE}.Release|Any CPU.Build.0 = Release|Any CPU
		{0C99EEE4-B2B9-8BEE-348A-00CC9DCEFF78}.Debug|Any CPU.ActiveCfg = Debug|Any CPU
		{0C99EEE4-B2B9-8BEE-348A-00CC9DCEFF78}.Debug|Any CPU.Build.0 = Debug|Any CPU
		{0C99EEE4-B2B9-8BEE-348A-00CC9DCEFF78}.Release|Any CPU.ActiveCfg = Release|Any CPU
		{0C99EEE4-B2B9-8BEE-348A-00CC9DCEFF78}.Release|Any CPU.Build.0 = Release|Any CPU
		{1D1A8B42-8581-14C1-FA97-3A242575EF5A}.Debug|Any CPU.ActiveCfg = Debug|Any CPU
		{1D1A8B42-8581-14C1-FA97-3A242575EF5A}.Debug|Any CPU.Build.0 = Debug|Any CPU
		{1D1A8B42-8581-14C1-FA97-3A242575EF5A}.Release|Any CPU.ActiveCfg = Release|Any CPU
		{1D1A8B42-8581-14C1-FA97-3A242575EF5A}.Release|Any CPU.Build.0 = Release|Any CPU
		{9B53F6D1-163A-F51F-2109-6F229110ACA0}.Debug|Any CPU.ActiveCfg = Debug|Any CPU
		{9B53F6D1-163A-F51F-2109-6F229110ACA0}.Debug|Any CPU.Build.0 = Debug|Any CPU
		{9B53F6D1-163A-F51F-2109-6F229110ACA0}.Release|Any CPU.ActiveCfg = Release|Any CPU
		{9B53F6D1-163A-F51F-2109-6F229110ACA0}.Release|Any CPU.Build.0 = Release|Any CPU
		{1B8D82AC-2805-952F-FBBD-2C7EFF1F1828}.Debug|Any CPU.ActiveCfg = Debug|Any CPU
		{1B8D82AC-2805-952F-FBBD-2C7EFF1F1828}.Debug|Any CPU.Build.0 = Debug|Any CPU
		{1B8D82AC-2805-952F-FBBD-2C7EFF1F1828}.Release|Any CPU.ActiveCfg = Release|Any CPU
		{1B8D82AC-2805-952F-FBBD-2C7EFF1F1828}.Release|Any CPU.Build.0 = Release|Any CPU
		{8FF4AC01-03CA-AB30-75A2-E390DF6924ED}.Debug|Any CPU.ActiveCfg = Debug|Any CPU
		{8FF4AC01-03CA-AB30-75A2-E390DF6924ED}.Debug|Any CPU.Build.0 = Debug|Any CPU
		{8FF4AC01-03CA-AB30-75A2-E390DF6924ED}.Release|Any CPU.ActiveCfg = Release|Any CPU
		{8FF4AC01-03CA-AB30-75A2-E390DF6924ED}.Release|Any CPU.Build.0 = Release|Any CPU
		{1EB27097-4CB8-3BF6-EC03-783C6D151947}.Debug|Any CPU.ActiveCfg = Debug|Any CPU
		{1EB27097-4CB8-3BF6-EC03-783C6D151947}.Debug|Any CPU.Build.0 = Debug|Any CPU
		{1EB27097-4CB8-3BF6-EC03-783C6D151947}.Release|Any CPU.ActiveCfg = Release|Any CPU
		{1EB27097-4CB8-3BF6-EC03-783C6D151947}.Release|Any CPU.Build.0 = Release|Any CPU
		{7AA4C3D2-D611-C028-4983-CEF945D0FA04}.Debug|Any CPU.ActiveCfg = Debug|Any CPU
		{7AA4C3D2-D611-C028-4983-CEF945D0FA04}.Debug|Any CPU.Build.0 = Debug|Any CPU
		{7AA4C3D2-D611-C028-4983-CEF945D0FA04}.Release|Any CPU.ActiveCfg = Release|Any CPU
		{7AA4C3D2-D611-C028-4983-CEF945D0FA04}.Release|Any CPU.Build.0 = Release|Any CPU
		{D2CEDDC2-4982-951A-95C0-A6A603DE62E9}.Debug|Any CPU.ActiveCfg = Debug|Any CPU
		{D2CEDDC2-4982-951A-95C0-A6A603DE62E9}.Debug|Any CPU.Build.0 = Debug|Any CPU
		{D2CEDDC2-4982-951A-95C0-A6A603DE62E9}.Release|Any CPU.ActiveCfg = Release|Any CPU
		{D2CEDDC2-4982-951A-95C0-A6A603DE62E9}.Release|Any CPU.Build.0 = Release|Any CPU
		{09E336D5-244E-E866-4D3A-496A1C74E75B}.Debug|Any CPU.ActiveCfg = Debug|Any CPU
		{09E336D5-244E-E866-4D3A-496A1C74E75B}.Debug|Any CPU.Build.0 = Debug|Any CPU
		{09E336D5-244E-E866-4D3A-496A1C74E75B}.Release|Any CPU.ActiveCfg = Release|Any CPU
		{09E336D5-244E-E866-4D3A-496A1C74E75B}.Release|Any CPU.Build.0 = Release|Any CPU
		{8AD2B3E6-31F3-BF04-0C7C-474C81621231}.Debug|Any CPU.ActiveCfg = Debug|Any CPU
		{8AD2B3E6-31F3-BF04-0C7C-474C81621231}.Debug|Any CPU.Build.0 = Debug|Any CPU
		{8AD2B3E6-31F3-BF04-0C7C-474C81621231}.Release|Any CPU.ActiveCfg = Release|Any CPU
		{8AD2B3E6-31F3-BF04-0C7C-474C81621231}.Release|Any CPU.Build.0 = Release|Any CPU
		{99C2641D-3329-8B08-5165-4319AE216B69}.Debug|Any CPU.ActiveCfg = Debug|Any CPU
		{99C2641D-3329-8B08-5165-4319AE216B69}.Debug|Any CPU.Build.0 = Debug|Any CPU
		{99C2641D-3329-8B08-5165-4319AE216B69}.Release|Any CPU.ActiveCfg = Release|Any CPU
		{99C2641D-3329-8B08-5165-4319AE216B69}.Release|Any CPU.Build.0 = Release|Any CPU
		{BCA7F310-5B40-AE31-30E2-774F915E3656}.Debug|Any CPU.ActiveCfg = Debug|Any CPU
		{BCA7F310-5B40-AE31-30E2-774F915E3656}.Debug|Any CPU.Build.0 = Debug|Any CPU
		{BCA7F310-5B40-AE31-30E2-774F915E3656}.Release|Any CPU.ActiveCfg = Release|Any CPU
		{BCA7F310-5B40-AE31-30E2-774F915E3656}.Release|Any CPU.Build.0 = Release|Any CPU
	EndGlobalSection
	GlobalSection(SolutionProperties) = preSolution
		HideSolutionNode = FALSE
	EndGlobalSection
EndGlobal
